// !$*UTF8*$!
{
	archiveVersion = 1;
	classes = {
	};
	objectVersion = 46;
	objects = {

/* Begin PBXBuildFile section */
		6324E0E3190CCF0D00581F30 /* Foundation.framework in Frameworks */ = {isa = PBXBuildFile; fileRef = 6324E0E2190CCF0D00581F30 /* Foundation.framework */; };
		6324E0E5190CCF0D00581F30 /* CoreGraphics.framework in Frameworks */ = {isa = PBXBuildFile; fileRef = 6324E0E4190CCF0D00581F30 /* CoreGraphics.framework */; };
		6324E0E7190CCF0D00581F30 /* UIKit.framework in Frameworks */ = {isa = PBXBuildFile; fileRef = 6324E0E6190CCF0D00581F30 /* UIKit.framework */; };
		6324E0ED190CCF0D00581F30 /* InfoPlist.strings in Resources */ = {isa = PBXBuildFile; fileRef = 6324E0EB190CCF0D00581F30 /* InfoPlist.strings */; };
		6324E0EF190CCF0D00581F30 /* main.m in Sources */ = {isa = PBXBuildFile; fileRef = 6324E0EE190CCF0D00581F30 /* main.m */; };
		6324E0F3190CCF0D00581F30 /* MuziMuziAppDelegate.m in Sources */ = {isa = PBXBuildFile; fileRef = 6324E0F2190CCF0D00581F30 /* MuziMuziAppDelegate.m */; };
		6324E0F6190CCF0D00581F30 /* Main.storyboard in Resources */ = {isa = PBXBuildFile; fileRef = 6324E0F4190CCF0D00581F30 /* Main.storyboard */; };
		6324E0F9190CCF0D00581F30 /* MuziMuziMasterViewController.m in Sources */ = {isa = PBXBuildFile; fileRef = 6324E0F8190CCF0D00581F30 /* MuziMuziMasterViewController.m */; };
		6324E0FE190CCF0D00581F30 /* Images.xcassets in Resources */ = {isa = PBXBuildFile; fileRef = 6324E0FD190CCF0D00581F30 /* Images.xcassets */; };
		6324E105190CCF0D00581F30 /* XCTest.framework in Frameworks */ = {isa = PBXBuildFile; fileRef = 6324E104190CCF0D00581F30 /* XCTest.framework */; };
		6324E106190CCF0D00581F30 /* Foundation.framework in Frameworks */ = {isa = PBXBuildFile; fileRef = 6324E0E2190CCF0D00581F30 /* Foundation.framework */; };
		6324E107190CCF0D00581F30 /* UIKit.framework in Frameworks */ = {isa = PBXBuildFile; fileRef = 6324E0E6190CCF0D00581F30 /* UIKit.framework */; };
		6359F8FB19231D7E00A9C375 /* BookContentViewController.m in Sources */ = {isa = PBXBuildFile; fileRef = 6359F8FA19231D7E00A9C375 /* BookContentViewController.m */; };
		63718FBC1920779B00B01607 /* Tutorial.m in Sources */ = {isa = PBXBuildFile; fileRef = 63718FBB1920779B00B01607 /* Tutorial.m */; };
		63718FBF1920785700B01607 /* Contributor.m in Sources */ = {isa = PBXBuildFile; fileRef = 63718FBE1920785700B01607 /* Contributor.m */; };
		63718FC7192096A300B01607 /* TFHpple.m in Sources */ = {isa = PBXBuildFile; fileRef = 63718FC2192096A300B01607 /* TFHpple.m */; };
		63718FC8192096A300B01607 /* TFHppleElement.m in Sources */ = {isa = PBXBuildFile; fileRef = 63718FC4192096A300B01607 /* TFHppleElement.m */; };
		63718FC9192096A300B01607 /* XPathQuery.m in Sources */ = {isa = PBXBuildFile; fileRef = 63718FC6192096A300B01607 /* XPathQuery.m */; };
		63718FCB19209E7300B01607 /* libxml2.dylib in Frameworks */ = {isa = PBXBuildFile; fileRef = 63718FCA19209E7300B01607 /* libxml2.dylib */; };
		639B4E621921CBA000B4A271 /* BookListViewController.m in Sources */ = {isa = PBXBuildFile; fileRef = 639B4E611921CBA000B4A271 /* BookListViewController.m */; };
/* End PBXBuildFile section */

/* Begin PBXContainerItemProxy section */
		6324E108190CCF0D00581F30 /* PBXContainerItemProxy */ = {
			isa = PBXContainerItemProxy;
			containerPortal = 6324E0D7190CCF0D00581F30 /* Project object */;
			proxyType = 1;
			remoteGlobalIDString = 6324E0DE190CCF0D00581F30;
			remoteInfo = Ck101;
		};
/* End PBXContainerItemProxy section */

/* Begin PBXFileReference section */
		6324E0DF190CCF0D00581F30 /* Ck101.app */ = {isa = PBXFileReference; explicitFileType = wrapper.application; includeInIndex = 0; path = Ck101.app; sourceTree = BUILT_PRODUCTS_DIR; };
		6324E0E2190CCF0D00581F30 /* Foundation.framework */ = {isa = PBXFileReference; lastKnownFileType = wrapper.framework; name = Foundation.framework; path = System/Library/Frameworks/Foundation.framework; sourceTree = SDKROOT; };
		6324E0E4190CCF0D00581F30 /* CoreGraphics.framework */ = {isa = PBXFileReference; lastKnownFileType = wrapper.framework; name = CoreGraphics.framework; path = System/Library/Frameworks/CoreGraphics.framework; sourceTree = SDKROOT; };
		6324E0E6190CCF0D00581F30 /* UIKit.framework */ = {isa = PBXFileReference; lastKnownFileType = wrapper.framework; name = UIKit.framework; path = System/Library/Frameworks/UIKit.framework; sourceTree = SDKROOT; };
		6324E0EA190CCF0D00581F30 /* Ck101-Info.plist */ = {isa = PBXFileReference; lastKnownFileType = text.plist.xml; path = "Ck101-Info.plist"; sourceTree = "<group>"; };
		6324E0EC190CCF0D00581F30 /* en */ = {isa = PBXFileReference; lastKnownFileType = text.plist.strings; name = en; path = en.lproj/InfoPlist.strings; sourceTree = "<group>"; };
		6324E0EE190CCF0D00581F30 /* main.m */ = {isa = PBXFileReference; lastKnownFileType = sourcecode.c.objc; path = main.m; sourceTree = "<group>"; };
		6324E0F0190CCF0D00581F30 /* Ck101-Prefix.pch */ = {isa = PBXFileReference; lastKnownFileType = sourcecode.c.h; path = "Ck101-Prefix.pch"; sourceTree = "<group>"; };
		6324E0F1190CCF0D00581F30 /* MuziMuziAppDelegate.h */ = {isa = PBXFileReference; lastKnownFileType = sourcecode.c.h; path = MuziMuziAppDelegate.h; sourceTree = "<group>"; };
		6324E0F2190CCF0D00581F30 /* MuziMuziAppDelegate.m */ = {isa = PBXFileReference; lastKnownFileType = sourcecode.c.objc; path = MuziMuziAppDelegate.m; sourceTree = "<group>"; };
		6324E0F5190CCF0D00581F30 /* Base */ = {isa = PBXFileReference; lastKnownFileType = file.storyboard; name = Base; path = Base.lproj/Main.storyboard; sourceTree = "<group>"; };
		6324E0F7190CCF0D00581F30 /* MuziMuziMasterViewController.h */ = {isa = PBXFileReference; lastKnownFileType = sourcecode.c.h; path = MuziMuziMasterViewController.h; sourceTree = "<group>"; };
		6324E0F8190CCF0D00581F30 /* MuziMuziMasterViewController.m */ = {isa = PBXFileReference; lastKnownFileType = sourcecode.c.objc; path = MuziMuziMasterViewController.m; sourceTree = "<group>"; };
		6324E0FD190CCF0D00581F30 /* Images.xcassets */ = {isa = PBXFileReference; lastKnownFileType = folder.assetcatalog; path = Images.xcassets; sourceTree = "<group>"; };
		6324E103190CCF0D00581F30 /* Ck101Tests.xctest */ = {isa = PBXFileReference; explicitFileType = wrapper.cfbundle; includeInIndex = 0; path = Ck101Tests.xctest; sourceTree = BUILT_PRODUCTS_DIR; };
		6324E104190CCF0D00581F30 /* XCTest.framework */ = {isa = PBXFileReference; lastKnownFileType = wrapper.framework; name = XCTest.framework; path = Library/Frameworks/XCTest.framework; sourceTree = DEVELOPER_DIR; };
		6359F8F919231D7E00A9C375 /* BookContentViewController.h */ = {isa = PBXFileReference; fileEncoding = 4; lastKnownFileType = sourcecode.c.h; path = BookContentViewController.h; sourceTree = "<group>"; };
		6359F8FA19231D7E00A9C375 /* BookContentViewController.m */ = {isa = PBXFileReference; fileEncoding = 4; lastKnownFileType = sourcecode.c.objc; path = BookContentViewController.m; sourceTree = "<group>"; };
		63718FBA1920779B00B01607 /* Tutorial.h */ = {isa = PBXFileReference; fileEncoding = 4; lastKnownFileType = sourcecode.c.h; path = Tutorial.h; sourceTree = "<group>"; };
		63718FBB1920779B00B01607 /* Tutorial.m */ = {isa = PBXFileReference; fileEncoding = 4; lastKnownFileType = sourcecode.c.objc; path = Tutorial.m; sourceTree = "<group>"; };
		63718FBD1920785700B01607 /* Contributor.h */ = {isa = PBXFileReference; fileEncoding = 4; lastKnownFileType = sourcecode.c.h; path = Contributor.h; sourceTree = "<group>"; };
		63718FBE1920785700B01607 /* Contributor.m */ = {isa = PBXFileReference; fileEncoding = 4; lastKnownFileType = sourcecode.c.objc; path = Contributor.m; sourceTree = "<group>"; };
		63718FC1192096A300B01607 /* TFHpple.h */ = {isa = PBXFileReference; fileEncoding = 4; lastKnownFileType = sourcecode.c.h; path = TFHpple.h; sourceTree = "<group>"; };
		63718FC2192096A300B01607 /* TFHpple.m */ = {isa = PBXFileReference; fileEncoding = 4; lastKnownFileType = sourcecode.c.objc; path = TFHpple.m; sourceTree = "<group>"; };
		63718FC3192096A300B01607 /* TFHppleElement.h */ = {isa = PBXFileReference; fileEncoding = 4; lastKnownFileType = sourcecode.c.h; path = TFHppleElement.h; sourceTree = "<group>"; };
		63718FC4192096A300B01607 /* TFHppleElement.m */ = {isa = PBXFileReference; fileEncoding = 4; lastKnownFileType = sourcecode.c.objc; path = TFHppleElement.m; sourceTree = "<group>"; };
		63718FC5192096A300B01607 /* XPathQuery.h */ = {isa = PBXFileReference; fileEncoding = 4; lastKnownFileType = sourcecode.c.h; path = XPathQuery.h; sourceTree = "<group>"; };
		63718FC6192096A300B01607 /* XPathQuery.m */ = {isa = PBXFileReference; fileEncoding = 4; lastKnownFileType = sourcecode.c.objc; path = XPathQuery.m; sourceTree = "<group>"; };
		63718FCA19209E7300B01607 /* libxml2.dylib */ = {isa = PBXFileReference; lastKnownFileType = "compiled.mach-o.dylib"; name = libxml2.dylib; path = usr/lib/libxml2.dylib; sourceTree = SDKROOT; };
		639B4E601921CBA000B4A271 /* BookListViewController.h */ = {isa = PBXFileReference; fileEncoding = 4; lastKnownFileType = sourcecode.c.h; path = BookListViewController.h; sourceTree = "<group>"; };
		639B4E611921CBA000B4A271 /* BookListViewController.m */ = {isa = PBXFileReference; fileEncoding = 4; lastKnownFileType = sourcecode.c.objc; path = BookListViewController.m; sourceTree = "<group>"; };
/* End PBXFileReference section */

/* Begin PBXFrameworksBuildPhase section */
		6324E0DC190CCF0D00581F30 /* Frameworks */ = {
			isa = PBXFrameworksBuildPhase;
			buildActionMask = 2147483647;
			files = (
				63718FCB19209E7300B01607 /* libxml2.dylib in Frameworks */,
				6324E0E5190CCF0D00581F30 /* CoreGraphics.framework in Frameworks */,
				6324E0E7190CCF0D00581F30 /* UIKit.framework in Frameworks */,
				6324E0E3190CCF0D00581F30 /* Foundation.framework in Frameworks */,
			);
			runOnlyForDeploymentPostprocessing = 0;
		};
		6324E100190CCF0D00581F30 /* Frameworks */ = {
			isa = PBXFrameworksBuildPhase;
			buildActionMask = 2147483647;
			files = (
				6324E105190CCF0D00581F30 /* XCTest.framework in Frameworks */,
				6324E107190CCF0D00581F30 /* UIKit.framework in Frameworks */,
				6324E106190CCF0D00581F30 /* Foundation.framework in Frameworks */,
			);
			runOnlyForDeploymentPostprocessing = 0;
		};
/* End PBXFrameworksBuildPhase section */

/* Begin PBXGroup section */
		6324E0D6190CCF0D00581F30 = {
			isa = PBXGroup;
			children = (
				6324E0E8190CCF0D00581F30 /* Ck101 */,
				6324E0E1190CCF0D00581F30 /* Frameworks */,
				6324E0E0190CCF0D00581F30 /* Products */,
			);
			sourceTree = "<group>";
		};
		6324E0E0190CCF0D00581F30 /* Products */ = {
			isa = PBXGroup;
			children = (
				6324E0DF190CCF0D00581F30 /* Ck101.app */,
				6324E103190CCF0D00581F30 /* Ck101Tests.xctest */,
			);
			name = Products;
			sourceTree = "<group>";
		};
		6324E0E1190CCF0D00581F30 /* Frameworks */ = {
			isa = PBXGroup;
			children = (
				63718FCA19209E7300B01607 /* libxml2.dylib */,
				6324E0E2190CCF0D00581F30 /* Foundation.framework */,
				6324E0E4190CCF0D00581F30 /* CoreGraphics.framework */,
				6324E0E6190CCF0D00581F30 /* UIKit.framework */,
				6324E104190CCF0D00581F30 /* XCTest.framework */,
			);
			name = Frameworks;
			sourceTree = "<group>";
		};
		6324E0E8190CCF0D00581F30 /* Ck101 */ = {
			isa = PBXGroup;
			children = (
				63718FC01920965800B01607 /* hpple */,
				63718FB91920777400B01607 /* Model */,
				6324E0F1190CCF0D00581F30 /* MuziMuziAppDelegate.h */,
				6324E0F2190CCF0D00581F30 /* MuziMuziAppDelegate.m */,
				639B4E601921CBA000B4A271 /* BookListViewController.h */,
				639B4E611921CBA000B4A271 /* BookListViewController.m */,
				6359F8F919231D7E00A9C375 /* BookContentViewController.h */,
				6359F8FA19231D7E00A9C375 /* BookContentViewController.m */,
				6324E0F4190CCF0D00581F30 /* Main.storyboard */,
				6324E0F7190CCF0D00581F30 /* MuziMuziMasterViewController.h */,
				6324E0F8190CCF0D00581F30 /* MuziMuziMasterViewController.m */,
				6324E0FD190CCF0D00581F30 /* Images.xcassets */,
				6324E0E9190CCF0D00581F30 /* Supporting Files */,
			);
			path = Ck101;
			sourceTree = "<group>";
		};
		6324E0E9190CCF0D00581F30 /* Supporting Files */ = {
			isa = PBXGroup;
			children = (
				6324E0EA190CCF0D00581F30 /* Ck101-Info.plist */,
				6324E0EB190CCF0D00581F30 /* InfoPlist.strings */,
				6324E0EE190CCF0D00581F30 /* main.m */,
				6324E0F0190CCF0D00581F30 /* Ck101-Prefix.pch */,
			);
			name = "Supporting Files";
			sourceTree = "<group>";
		};
		63718FB91920777400B01607 /* Model */ = {
			isa = PBXGroup;
			children = (
				63718FBA1920779B00B01607 /* Tutorial.h */,
				63718FBB1920779B00B01607 /* Tutorial.m */,
				63718FBD1920785700B01607 /* Contributor.h */,
				63718FBE1920785700B01607 /* Contributor.m */,
			);
			name = Model;
			sourceTree = "<group>";
		};
		63718FC01920965800B01607 /* hpple */ = {
			isa = PBXGroup;
			children = (
				63718FC1192096A300B01607 /* TFHpple.h */,
				63718FC2192096A300B01607 /* TFHpple.m */,
				63718FC3192096A300B01607 /* TFHppleElement.h */,
				63718FC4192096A300B01607 /* TFHppleElement.m */,
				63718FC5192096A300B01607 /* XPathQuery.h */,
				63718FC6192096A300B01607 /* XPathQuery.m */,
			);
			name = hpple;
			sourceTree = "<group>";
		};
/* End PBXGroup section */

/* Begin PBXNativeTarget section */
		6324E0DE190CCF0D00581F30 /* Ck101 */ = {
			isa = PBXNativeTarget;
			buildConfigurationList = 6324E114190CCF0D00581F30 /* Build configuration list for PBXNativeTarget "Ck101" */;
			buildPhases = (
				6324E0DB190CCF0D00581F30 /* Sources */,
				6324E0DC190CCF0D00581F30 /* Frameworks */,
				6324E0DD190CCF0D00581F30 /* Resources */,
			);
			buildRules = (
			);
			dependencies = (
			);
			name = Ck101;
			productName = Ck101;
			productReference = 6324E0DF190CCF0D00581F30 /* Ck101.app */;
			productType = "com.apple.product-type.application";
		};
		6324E102190CCF0D00581F30 /* Ck101Tests */ = {
			isa = PBXNativeTarget;
			buildConfigurationList = 6324E117190CCF0D00581F30 /* Build configuration list for PBXNativeTarget "Ck101Tests" */;
			buildPhases = (
				6324E0FF190CCF0D00581F30 /* Sources */,
				6324E100190CCF0D00581F30 /* Frameworks */,
				6324E101190CCF0D00581F30 /* Resources */,
			);
			buildRules = (
			);
			dependencies = (
				6324E109190CCF0D00581F30 /* PBXTargetDependency */,
			);
			name = Ck101Tests;
			productName = Ck101Tests;
			productReference = 6324E103190CCF0D00581F30 /* Ck101Tests.xctest */;
			productType = "com.apple.product-type.bundle.unit-test";
		};
/* End PBXNativeTarget section */

/* Begin PBXProject section */
		6324E0D7190CCF0D00581F30 /* Project object */ = {
			isa = PBXProject;
			attributes = {
				CLASSPREFIX = MuziMuzi;
				LastUpgradeCheck = 0510;
				ORGANIZATIONNAME = "Nathaniel Wu";
				TargetAttributes = {
					6324E102190CCF0D00581F30 = {
						TestTargetID = 6324E0DE190CCF0D00581F30;
					};
				};
			};
			buildConfigurationList = 6324E0DA190CCF0D00581F30 /* Build configuration list for PBXProject "Ck101" */;
			compatibilityVersion = "Xcode 3.2";
			developmentRegion = English;
			hasScannedForEncodings = 0;
			knownRegions = (
				en,
				Base,
			);
			mainGroup = 6324E0D6190CCF0D00581F30;
			productRefGroup = 6324E0E0190CCF0D00581F30 /* Products */;
			projectDirPath = "";
			projectRoot = "";
			targets = (
				6324E0DE190CCF0D00581F30 /* Ck101 */,
				6324E102190CCF0D00581F30 /* Ck101Tests */,
			);
		};
/* End PBXProject section */

/* Begin PBXResourcesBuildPhase section */
		6324E0DD190CCF0D00581F30 /* Resources */ = {
			isa = PBXResourcesBuildPhase;
			buildActionMask = 2147483647;
			files = (
				6324E0FE190CCF0D00581F30 /* Images.xcassets in Resources */,
				6324E0ED190CCF0D00581F30 /* InfoPlist.strings in Resources */,
				6324E0F6190CCF0D00581F30 /* Main.storyboard in Resources */,
			);
			runOnlyForDeploymentPostprocessing = 0;
		};
		6324E101190CCF0D00581F30 /* Resources */ = {
			isa = PBXResourcesBuildPhase;
			buildActionMask = 2147483647;
			files = (
			);
			runOnlyForDeploymentPostprocessing = 0;
		};
/* End PBXResourcesBuildPhase section */

/* Begin PBXSourcesBuildPhase section */
		6324E0DB190CCF0D00581F30 /* Sources */ = {
			isa = PBXSourcesBuildPhase;
			buildActionMask = 2147483647;
			files = (
				63718FC8192096A300B01607 /* TFHppleElement.m in Sources */,
				63718FBC1920779B00B01607 /* Tutorial.m in Sources */,
				6324E0F3190CCF0D00581F30 /* MuziMuziAppDelegate.m in Sources */,
				63718FC9192096A300B01607 /* XPathQuery.m in Sources */,
				63718FC7192096A300B01607 /* TFHpple.m in Sources */,
				639B4E621921CBA000B4A271 /* BookListViewController.m in Sources */,
				6324E0F9190CCF0D00581F30 /* MuziMuziMasterViewController.m in Sources */,
				6359F8FB19231D7E00A9C375 /* BookContentViewController.m in Sources */,
				6324E0EF190CCF0D00581F30 /* main.m in Sources */,
				63718FBF1920785700B01607 /* Contributor.m in Sources */,
			);
			runOnlyForDeploymentPostprocessing = 0;
		};
		6324E0FF190CCF0D00581F30 /* Sources */ = {
			isa = PBXSourcesBuildPhase;
			buildActionMask = 2147483647;
			files = (
			);
			runOnlyForDeploymentPostprocessing = 0;
		};
/* End PBXSourcesBuildPhase section */

/* Begin PBXTargetDependency section */
		6324E109190CCF0D00581F30 /* PBXTargetDependency */ = {
			isa = PBXTargetDependency;
			target = 6324E0DE190CCF0D00581F30 /* Ck101 */;
			targetProxy = 6324E108190CCF0D00581F30 /* PBXContainerItemProxy */;
		};
/* End PBXTargetDependency section */

/* Begin PBXVariantGroup section */
		6324E0EB190CCF0D00581F30 /* InfoPlist.strings */ = {
			isa = PBXVariantGroup;
			children = (
				6324E0EC190CCF0D00581F30 /* en */,
			);
			name = InfoPlist.strings;
			sourceTree = "<group>";
		};
		6324E0F4190CCF0D00581F30 /* Main.storyboard */ = {
			isa = PBXVariantGroup;
			children = (
				6324E0F5190CCF0D00581F30 /* Base */,
			);
			name = Main.storyboard;
			sourceTree = "<group>";
		};
/* End PBXVariantGroup section */

/* Begin XCBuildConfiguration section */
		6324E112190CCF0D00581F30 /* Debug */ = {
			isa = XCBuildConfiguration;
			buildSettings = {
				ALWAYS_SEARCH_USER_PATHS = NO;
				CLANG_CXX_LANGUAGE_STANDARD = "gnu++0x";
				CLANG_CXX_LIBRARY = "libc++";
				CLANG_ENABLE_MODULES = YES;
				CLANG_ENABLE_OBJC_ARC = YES;
				CLANG_WARN_BOOL_CONVERSION = YES;
				CLANG_WARN_CONSTANT_CONVERSION = YES;
				CLANG_WARN_DIRECT_OBJC_ISA_USAGE = YES_ERROR;
				CLANG_WARN_EMPTY_BODY = YES;
				CLANG_WARN_ENUM_CONVERSION = YES;
				CLANG_WARN_INT_CONVERSION = YES;
				CLANG_WARN_OBJC_ROOT_CLASS = YES_ERROR;
				CLANG_WARN__DUPLICATE_METHOD_MATCH = YES;
				"CODE_SIGN_IDENTITY[sdk=iphoneos*]" = "iPhone Developer";
				COPY_PHASE_STRIP = NO;
				GCC_C_LANGUAGE_STANDARD = gnu99;
				GCC_DYNAMIC_NO_PIC = NO;
				GCC_OPTIMIZATION_LEVEL = 0;
				GCC_PREPROCESSOR_DEFINITIONS = (
					"DEBUG=1",
					"$(inherited)",
				);
				GCC_SYMBOLS_PRIVATE_EXTERN = NO;
				GCC_WARN_64_TO_32_BIT_CONVERSION = YES;
				GCC_WARN_ABOUT_RETURN_TYPE = YES_ERROR;
				GCC_WARN_UNDECLARED_SELECTOR = YES;
				GCC_WARN_UNINITIALIZED_AUTOS = YES_AGGRESSIVE;
				GCC_WARN_UNUSED_FUNCTION = YES;
				GCC_WARN_UNUSED_VARIABLE = YES;
				IPHONEOS_DEPLOYMENT_TARGET = 7.1;
				ONLY_ACTIVE_ARCH = YES;
				SDKROOT = iphoneos;
			};
			name = Debug;
		};
		6324E113190CCF0D00581F30 /* Release */ = {
			isa = XCBuildConfiguration;
			buildSettings = {
				ALWAYS_SEARCH_USER_PATHS = NO;
				CLANG_CXX_LANGUAGE_STANDARD = "gnu++0x";
				CLANG_CXX_LIBRARY = "libc++";
				CLANG_ENABLE_MODULES = YES;
				CLANG_ENABLE_OBJC_ARC = YES;
				CLANG_WARN_BOOL_CONVERSION = YES;
				CLANG_WARN_CONSTANT_CONVERSION = YES;
				CLANG_WARN_DIRECT_OBJC_ISA_USAGE = YES_ERROR;
				CLANG_WARN_EMPTY_BODY = YES;
				CLANG_WARN_ENUM_CONVERSION = YES;
				CLANG_WARN_INT_CONVERSION = YES;
				CLANG_WARN_OBJC_ROOT_CLASS = YES_ERROR;
				CLANG_WARN__DUPLICATE_METHOD_MATCH = YES;
				"CODE_SIGN_IDENTITY[sdk=iphoneos*]" = "iPhone Developer";
				COPY_PHASE_STRIP = YES;
				ENABLE_NS_ASSERTIONS = NO;
				GCC_C_LANGUAGE_STANDARD = gnu99;
				GCC_WARN_64_TO_32_BIT_CONVERSION = YES;
				GCC_WARN_ABOUT_RETURN_TYPE = YES_ERROR;
				GCC_WARN_UNDECLARED_SELECTOR = YES;
				GCC_WARN_UNINITIALIZED_AUTOS = YES_AGGRESSIVE;
				GCC_WARN_UNUSED_FUNCTION = YES;
				GCC_WARN_UNUSED_VARIABLE = YES;
				IPHONEOS_DEPLOYMENT_TARGET = 7.1;
				SDKROOT = iphoneos;
				VALIDATE_PRODUCT = YES;
			};
			name = Release;
		};
		6324E115190CCF0D00581F30 /* Debug */ = {
			isa = XCBuildConfiguration;
			buildSettings = {
				ASSETCATALOG_COMPILER_APPICON_NAME = AppIcon;
				ASSETCATALOG_COMPILER_LAUNCHIMAGE_NAME = LaunchImage;
				GCC_PRECOMPILE_PREFIX_HEADER = YES;
				GCC_PREFIX_HEADER = "Ck101/Ck101-Prefix.pch";
				HEADER_SEARCH_PATHS = (
					"$(inherited)",
					/Applications/Xcode.app/Contents/Developer/Toolchains/XcodeDefault.xctoolchain/usr/include,
					"$(SDKROOT)/usr/include/libxml2",
				);
				INFOPLIST_FILE = "Ck101/Ck101-Info.plist";
				PRODUCT_NAME = "$(TARGET_NAME)";
				WRAPPER_EXTENSION = app;
			};
			name = Debug;
		};
		6324E116190CCF0D00581F30 /* Release */ = {
			isa = XCBuildConfiguration;
			buildSettings = {
				ASSETCATALOG_COMPILER_APPICON_NAME = AppIcon;
				ASSETCATALOG_COMPILER_LAUNCHIMAGE_NAME = LaunchImage;
				GCC_PRECOMPILE_PREFIX_HEADER = YES;
				GCC_PREFIX_HEADER = "Ck101/Ck101-Prefix.pch";
				HEADER_SEARCH_PATHS = (
					"$(inherited)",
					/Applications/Xcode.app/Contents/Developer/Toolchains/XcodeDefault.xctoolchain/usr/include,
					"$(SDKROOT)/usr/include/libxml2",
				);
				INFOPLIST_FILE = "Ck101/Ck101-Info.plist";
				PRODUCT_NAME = "$(TARGET_NAME)";
				WRAPPER_EXTENSION = app;
			};
			name = Release;
		};
		6324E118190CCF0D00581F30 /* Debug */ = {
			isa = XCBuildConfiguration;
			buildSettings = {
				BUNDLE_LOADER = "$(BUILT_PRODUCTS_DIR)/Ck101.app/Ck101";
				FRAMEWORK_SEARCH_PATHS = (
					"$(SDKROOT)/Developer/Library/Frameworks",
					"$(inherited)",
					"$(DEVELOPER_FRAMEWORKS_DIR)",
				);
				GCC_PRECOMPILE_PREFIX_HEADER = YES;
				GCC_PREFIX_HEADER = "Ck101/Ck101-Prefix.pch";
				GCC_PREPROCESSOR_DEFINITIONS = (
					"DEBUG=1",
					"$(inherited)",
				);
				INFOPLIST_FILE = "Ck101Tests/Ck101Tests-Info.plist";
				PRODUCT_NAME = "$(TARGET_NAME)";
				TEST_HOST = "$(BUNDLE_LOADER)";
				WRAPPER_EXTENSION = xctest;
			};
			name = Debug;
		};
		6324E119190CCF0D00581F30 /* Release */ = {
			isa = XCBuildConfiguration;
			buildSettings = {
				BUNDLE_LOADER = "$(BUILT_PRODUCTS_DIR)/Ck101.app/Ck101";
				FRAMEWORK_SEARCH_PATHS = (
					"$(SDKROOT)/Developer/Library/Frameworks",
					"$(inherited)",
					"$(DEVELOPER_FRAMEWORKS_DIR)",
				);
				GCC_PRECOMPILE_PREFIX_HEADER = YES;
				GCC_PREFIX_HEADER = "Ck101/Ck101-Prefix.pch";
				INFOPLIST_FILE = "Ck101Tests/Ck101Tests-Info.plist";
				PRODUCT_NAME = "$(TARGET_NAME)";
				TEST_HOST = "$(BUNDLE_LOADER)";
				WRAPPER_EXTENSION = xctest;
			};
			name = Release;
		};
/* End XCBuildConfiguration section */

/* Begin XCConfigurationList section */
		6324E0DA190CCF0D00581F30 /* Build configuration list for PBXProject "Ck101" */ = {
			isa = XCConfigurationList;
			buildConfigurations = (
				6324E112190CCF0D00581F30 /* Debug */,
				6324E113190CCF0D00581F30 /* Release */,
			);
			defaultConfigurationIsVisible = 0;
			defaultConfigurationName = Release;
		};
		6324E114190CCF0D00581F30 /* Build configuration list for PBXNativeTarget "Ck101" */ = {
			isa = XCConfigurationList;
			buildConfigurations = (
				6324E115190CCF0D00581F30 /* Debug */,
				6324E116190CCF0D00581F30 /* Release */,
			);
			defaultConfigurationIsVisible = 0;
			defaultConfigurationName = Release;
		};
		6324E117190CCF0D00581F30 /* Build configuration list for PBXNativeTarget "Ck101Tests" */ = {
			isa = XCConfigurationList;
			buildConfigurations = (
				6324E118190CCF0D00581F30 /* Debug */,
				6324E119190CCF0D00581F30 /* Release */,
			);
			defaultConfigurationIsVisible = 0;
			defaultConfigurationName = Release;
		};
/* End XCConfigurationList section */
	};
	rootObject = 6324E0D7190CCF0D00581F30 /* Project object */;
}
